
Microsoft Visual Studio Solution File, Format Version 12.00
# Visual Studio 2012
Project("{FAE04EC0-301F-11D3-BF4B-00C04F79EFBC}") = "Demo.Web", "Demo.Web\Demo.Web.csproj", "{1C2F3ED3-9883-4E29-A3F8-F3F78AE42909}"
EndProject
Global
	GlobalSection(SolutionConfigurationPlatforms) = preSolution
		Debug|Any CPU = Debug|Any CPU
		Release|Any CPU = Release|Any CPU
	EndGlobalSection
	GlobalSection(ProjectConfigurationPlatforms) = postSolution
		{1C2F3ED3-9883-4E29-A3F8-F3F78AE42909}.Debug|Any CPU.ActiveCfg = Debug|Any CPU
		{1C2F3ED3-9883-4E29-A3F8-F3F78AE42909}.Debug|Any CPU.Build.0 = Debug|Any CPU
		{1C2F3ED3-9883-4E29-A3F8-F3F78AE42909}.Release|Any CPU.ActiveCfg = Release|Any CPU
		{1C2F3ED3-9883-4E29-A3F8-F3F78AE42909}.Release|Any CPU.Build.0 = Release|Any CPU
	EndGlobalSection
	GlobalSection(SolutionProperties) = preSolution
		HideSolutionNode = FALSE
	EndGlobalSection
EndGlobal
